// !$*UTF8*$!
{
	archiveVersion = 1;
	classes = {
	};
	objectVersion = 56;
	objects = {

/* Begin PBXBuildFile section */
		B4A864CD2C88F3560043BBF7 /* ders1App.swift in Sources */ = {isa = PBXBuildFile; fileRef = B4A864CC2C88F3560043BBF7 /* ders1App.swift */; };
		B4A864CF2C88F3560043BBF7 /* ContentView.swift in Sources */ = {isa = PBXBuildFile; fileRef = B4A864CE2C88F3560043BBF7 /* ContentView.swift */; };
		B4A864D12C88F3570043BBF7 /* Assets.xcassets in Resources */ = {isa = PBXBuildFile; fileRef = B4A864D02C88F3570043BBF7 /* Assets.xcassets */; };
		B4A864D52C88F3570043BBF7 /* Preview Assets.xcassets in Resources */ = {isa = PBXBuildFile; fileRef = B4A864D42C88F3570043BBF7 /* Preview Assets.xcassets */; };
		B4A864DF2C88F3570043BBF7 /* ders1Tests.swift in Sources */ = {isa = PBXBuildFile; fileRef = B4A864DE2C88F3570043BBF7 /* ders1Tests.swift */; };
		B4A864E92C88F3570043BBF7 /* ders1UITests.swift in Sources */ = {isa = PBXBuildFile; fileRef = B4A864E82C88F3570043BBF7 /* ders1UITests.swift */; };
		B4A864EB2C88F3570043BBF7 /* ders1UITestsLaunchTests.swift in Sources */ = {isa = PBXBuildFile; fileRef = B4A864EA2C88F3570043BBF7 /* ders1UITestsLaunchTests.swift */; };
/* End PBXBuildFile section */

/* Begin PBXContainerItemProxy section */
		B4A864DB2C88F3570043BBF7 /* PBXContainerItemProxy */ = {
			isa = PBXContainerItemProxy;
			containerPortal = B4A864C12C88F3560043BBF7 /* Project object */;
			proxyType = 1;
			remoteGlobalIDString = B4A864C82C88F3560043BBF7;
			remoteInfo = ders1;
		};
		B4A864E52C88F3570043BBF7 /* PBXContainerItemProxy */ = {
			isa = PBXContainerItemProxy;
			containerPortal = B4A864C12C88F3560043BBF7 /* Project object */;
			proxyType = 1;
			remoteGlobalIDString = B4A864C82C88F3560043BBF7;
			remoteInfo = ders1;
		};
/* End PBXContainerItemProxy section */

/* Begin PBXFileReference section */
		B4A864C92C88F3560043BBF7 /* ders1.app */ = {isa = PBXFileReference; explicitFileType = wrapper.application; includeInIndex = 0; path = ders1.app; sourceTree = BUILT_PRODUCTS_DIR; };
		B4A864CC2C88F3560043BBF7 /* ders1App.swift */ = {isa = PBXFileReference; lastKnownFileType = sourcecode.swift; path = ders1App.swift; sourceTree = "<group>"; };
		B4A864CE2C88F3560043BBF7 /* ContentView.swift */ = {isa = PBXFileReference; lastKnownFileType = sourcecode.swift; path = ContentView.swift; sourceTree = "<group>"; };
		B4A864D02C88F3570043BBF7 /* Assets.xcassets */ = {isa = PBXFileReference; lastKnownFileType = folder.assetcatalog; path = Assets.xcassets; sourceTree = "<group>"; };
		B4A864D22C88F3570043BBF7 /* ders1.entitlements */ = {isa = PBXFileReference; lastKnownFileType = text.plist.entitlements; path = ders1.entitlements; sourceTree = "<group>"; };
		B4A864D42C88F3570043BBF7 /* Preview Assets.xcassets */ = {isa = PBXFileReference; lastKnownFileType = folder.assetcatalog; path = "Preview Assets.xcassets"; sourceTree = "<group>"; };
		B4A864DA2C88F3570043BBF7 /* ders1Tests.xctest */ = {isa = PBXFileReference; explicitFileType = wrapper.cfbundle; includeInIndex = 0; path = ders1Tests.xctest; sourceTree = BUILT_PRODUCTS_DIR; };
		B4A864DE2C88F3570043BBF7 /* ders1Tests.swift */ = {isa = PBXFileReference; lastKnownFileType = sourcecode.swift; path = ders1Tests.swift; sourceTree = "<group>"; };
		B4A864E42C88F3570043BBF7 /* ders1UITests.xctest */ = {isa = PBXFileReference; explicitFileType = wrapper.cfbundle; includeInIndex = 0; path = ders1UITests.xctest; sourceTree = BUILT_PRODUCTS_DIR; };
		B4A864E82C88F3570043BBF7 /* ders1UITests.swift */ = {isa = PBXFileReference; lastKnownFileType = sourcecode.swift; path = ders1UITests.swift; sourceTree = "<group>"; };
		B4A864EA2C88F3570043BBF7 /* ders1UITestsLaunchTests.swift */ = {isa = PBXFileReference; lastKnownFileType = sourcecode.swift; path = ders1UITestsLaunchTests.swift; sourceTree = "<group>"; };
/* End PBXFileReference section */

/* Begin PBXFrameworksBuildPhase section */
		B4A864C62C88F3560043BBF7 /* Frameworks */ = {
			isa = PBXFrameworksBuildPhase;
			buildActionMask = 2147483647;
			files = (
			);
			runOnlyForDeploymentPostprocessing = 0;
		};
		B4A864D72C88F3570043BBF7 /* Frameworks */ = {
			isa = PBXFrameworksBuildPhase;
			buildActionMask = 2147483647;
			files = (
			);
			runOnlyForDeploymentPostprocessing = 0;
		};
		B4A864E12C88F3570043BBF7 /* Frameworks */ = {
			isa = PBXFrameworksBuildPhase;
			buildActionMask = 2147483647;
			files = (
			);
			runOnlyForDeploymentPostprocessing = 0;
		};
/* End PBXFrameworksBuildPhase section */

/* Begin PBXGroup section */
		B4A864C02C88F3560043BBF7 = {
			isa = PBXGroup;
			children = (
				B4A864CB2C88F3560043BBF7 /* ders1 */,
				B4A864DD2C88F3570043BBF7 /* ders1Tests */,
				B4A864E72C88F3570043BBF7 /* ders1UITests */,
				B4A864CA2C88F3560043BBF7 /* Products */,
			);
			sourceTree = "<group>";
		};
		B4A864CA2C88F3560043BBF7 /* Products */ = {
			isa = PBXGroup;
			children = (
				B4A864C92C88F3560043BBF7 /* ders1.app */,
				B4A864DA2C88F3570043BBF7 /* ders1Tests.xctest */,
				B4A864E42C88F3570043BBF7 /* ders1UITests.xctest */,
			);
			name = Products;
			sourceTree = "<group>";
		};
		B4A864CB2C88F3560043BBF7 /* ders1 */ = {
			isa = PBXGroup;
			children = (
				B4A864CC2C88F3560043BBF7 /* ders1App.swift */,
				B4A864CE2C88F3560043BBF7 /* ContentView.swift */,
				B4A864D02C88F3570043BBF7 /* Assets.xcassets */,
				B4A864D22C88F3570043BBF7 /* ders1.entitlements */,
				B4A864D32C88F3570043BBF7 /* Preview Content */,
			);
			path = ders1;
			sourceTree = "<group>";
		};
		B4A864D32C88F3570043BBF7 /* Preview Content */ = {
			isa = PBXGroup;
			children = (
				B4A864D42C88F3570043BBF7 /* Preview Assets.xcassets */,
			);
			path = "Preview Content";
			sourceTree = "<group>";
		};
		B4A864DD2C88F3570043BBF7 /* ders1Tests */ = {
			isa = PBXGroup;
			children = (
				B4A864DE2C88F3570043BBF7 /* ders1Tests.swift */,
			);
			path = ders1Tests;
			sourceTree = "<group>";
		};
		B4A864E72C88F3570043BBF7 /* ders1UITests */ = {
			isa = PBXGroup;
			children = (
				B4A864E82C88F3570043BBF7 /* ders1UITests.swift */,
				B4A864EA2C88F3570043BBF7 /* ders1UITestsLaunchTests.swift */,
			);
			path = ders1UITests;
			sourceTree = "<group>";
		};
/* End PBXGroup section */

/* Begin PBXNativeTarget section */
		B4A864C82C88F3560043BBF7 /* ders1 */ = {
			isa = PBXNativeTarget;
			buildConfigurationList = B4A864EE2C88F3570043BBF7 /* Build configuration list for PBXNativeTarget "ders1" */;
			buildPhases = (
				B4A864C52C88F3560043BBF7 /* Sources */,
				B4A864C62C88F3560043BBF7 /* Frameworks */,
				B4A864C72C88F3560043BBF7 /* Resources */,
			);
			buildRules = (
			);
			dependencies = (
			);
			name = ders1;
			productName = ders1;
			productReference = B4A864C92C88F3560043BBF7 /* ders1.app */;
			productType = "com.apple.product-type.application";
		};
		B4A864D92C88F3570043BBF7 /* ders1Tests */ = {
			isa = PBXNativeTarget;
			buildConfigurationList = B4A864F12C88F3570043BBF7 /* Build configuration list for PBXNativeTarget "ders1Tests" */;
			buildPhases = (
				B4A864D62C88F3570043BBF7 /* Sources */,
				B4A864D72C88F3570043BBF7 /* Frameworks */,
				B4A864D82C88F3570043BBF7 /* Resources */,
			);
			buildRules = (
			);
			dependencies = (
				B4A864DC2C88F3570043BBF7 /* PBXTargetDependency */,
			);
			name = ders1Tests;
			productName = ders1Tests;
			productReference = B4A864DA2C88F3570043BBF7 /* ders1Tests.xctest */;
			productType = "com.apple.product-type.bundle.unit-test";
		};
		B4A864E32C88F3570043BBF7 /* ders1UITests */ = {
			isa = PBXNativeTarget;
			buildConfigurationList = B4A864F42C88F3570043BBF7 /* Build configuration list for PBXNativeTarget "ders1UITests" */;
			buildPhases = (
				B4A864E02C88F3570043BBF7 /* Sources */,
				B4A864E12C88F3570043BBF7 /* Frameworks */,
				B4A864E22C88F3570043BBF7 /* Resources */,
			);
			buildRules = (
			);
			dependencies = (
				B4A864E62C88F3570043BBF7 /* PBXTargetDependency */,
			);
			name = ders1UITests;
			productName = ders1UITests;
			productReference = B4A864E42C88F3570043BBF7 /* ders1UITests.xctest */;
			productType = "com.apple.product-type.bundle.ui-testing";
		};
/* End PBXNativeTarget section */

/* Begin PBXProject section */
		B4A864C12C88F3560043BBF7 /* Project object */ = {
			isa = PBXProject;
			attributes = {
				BuildIndependentTargetsInParallel = 1;
				LastSwiftUpdateCheck = 1540;
				LastUpgradeCheck = 1540;
				TargetAttributes = {
					B4A864C82C88F3560043BBF7 = {
						CreatedOnToolsVersion = 15.4;
					};
					B4A864D92C88F3570043BBF7 = {
						CreatedOnToolsVersion = 15.4;
						TestTargetID = B4A864C82C88F3560043BBF7;
					};
					B4A864E32C88F3570043BBF7 = {
						CreatedOnToolsVersion = 15.4;
						TestTargetID = B4A864C82C88F3560043BBF7;
					};
				};
			};
			buildConfigurationList = B4A864C42C88F3560043BBF7 /* Build configuration list for PBXProject "ders1" */;
			compatibilityVersion = "Xcode 14.0";
			developmentRegion = en;
			hasScannedForEncodings = 0;
			knownRegions = (
				en,
				Base,
			);
			mainGroup = B4A864C02C88F3560043BBF7;
			productRefGroup = B4A864CA2C88F3560043BBF7 /* Products */;
			projectDirPath = "";
			projectRoot = "";
			targets = (
				B4A864C82C88F3560043BBF7 /* ders1 */,
				B4A864D92C88F3570043BBF7 /* ders1Tests */,
				B4A864E32C88F3570043BBF7 /* ders1UITests */,
			);
		};
/* End PBXProject section */

/* Begin PBXResourcesBuildPhase section */
		B4A864C72C88F3560043BBF7 /* Resources */ = {
			isa = PBXResourcesBuildPhase;
			buildActionMask = 2147483647;
			files = (
				B4A864D52C88F3570043BBF7 /* Preview Assets.xcassets in Resources */,
				B4A864D12C88F3570043BBF7 /* Assets.xcassets in Resources */,
			);
			runOnlyForDeploymentPostprocessing = 0;
		};
		B4A864D82C88F3570043BBF7 /* Resources */ = {
			isa = PBXResourcesBuildPhase;
			buildActionMask = 2147483647;
			files = (
			);
			runOnlyForDeploymentPostprocessing = 0;
		};
		B4A864E22C88F3570043BBF7 /* Resources */ = {
			isa = PBXResourcesBuildPhase;
			buildActionMask = 2147483647;
			files = (
			);
			runOnlyForDeploymentPostprocessing = 0;
		};
/* End PBXResourcesBuildPhase section */

/* Begin PBXSourcesBuildPhase section */
		B4A864C52C88F3560043BBF7 /* Sources */ = {
			isa = PBXSourcesBuildPhase;
			buildActionMask = 2147483647;
			files = (
				B4A864CF2C88F3560043BBF7 /* ContentView.swift in Sources */,
				B4A864CD2C88F3560043BBF7 /* ders1App.swift in Sources */,
			);
			runOnlyForDeploymentPostprocessing = 0;
		};
		B4A864D62C88F3570043BBF7 /* Sources */ = {
			isa = PBXSourcesBuildPhase;
			buildActionMask = 2147483647;
			files = (
				B4A864DF2C88F3570043BBF7 /* ders1Tests.swift in Sources */,
			);
			runOnlyForDeploymentPostprocessing = 0;
		};
		B4A864E02C88F3570043BBF7 /* Sources */ = {
			isa = PBXSourcesBuildPhase;
			buildActionMask = 2147483647;
			files = (
				B4A864EB2C88F3570043BBF7 /* ders1UITestsLaunchTests.swift in Sources */,
				B4A864E92C88F3570043BBF7 /* ders1UITests.swift in Sources */,
			);
			runOnlyForDeploymentPostprocessing = 0;
		};
/* End PBXSourcesBuildPhase section */

/* Begin PBXTargetDependency section */
		B4A864DC2C88F3570043BBF7 /* PBXTargetDependency */ = {
			isa = PBXTargetDependency;
			target = B4A864C82C88F3560043BBF7 /* ders1 */;
			targetProxy = B4A864DB2C88F3570043BBF7 /* PBXContainerItemProxy */;
		};
		B4A864E62C88F3570043BBF7 /* PBXTargetDependency */ = {
			isa = PBXTargetDependency;
			target = B4A864C82C88F3560043BBF7 /* ders1 */;
			targetProxy = B4A864E52C88F3570043BBF7 /* PBXContainerItemProxy */;
		};
/* End PBXTargetDependency section */

/* Begin XCBuildConfiguration section */
		B4A864EC2C88F3570043BBF7 /* Debug */ = {
			isa = XCBuildConfiguration;
			buildSettings = {
				ALWAYS_SEARCH_USER_PATHS = NO;
				ASSETCATALOG_COMPILER_GENERATE_SWIFT_ASSET_SYMBOL_EXTENSIONS = YES;
				CLANG_ANALYZER_NONNULL = YES;
				CLANG_ANALYZER_NUMBER_OBJECT_CONVERSION = YES_AGGRESSIVE;
				CLANG_CXX_LANGUAGE_STANDARD = "gnu++20";
				CLANG_ENABLE_MODULES = YES;
				CLANG_ENABLE_OBJC_ARC = YES;
				CLANG_ENABLE_OBJC_WEAK = YES;
				CLANG_WARN_BLOCK_CAPTURE_AUTORELEASING = YES;
				CLANG_WARN_BOOL_CONVERSION = YES;
				CLANG_WARN_COMMA = YES;
				CLANG_WARN_CONSTANT_CONVERSION = YES;
				CLANG_WARN_DEPRECATED_OBJC_IMPLEMENTATIONS = YES;
				CLANG_WARN_DIRECT_OBJC_ISA_USAGE = YES_ERROR;
				CLANG_WARN_DOCUMENTATION_COMMENTS = YES;
				CLANG_WARN_EMPTY_BODY = YES;
				CLANG_WARN_ENUM_CONVERSION = YES;
				CLANG_WARN_INFINITE_RECURSION = YES;
				CLANG_WARN_INT_CONVERSION = YES;
				CLANG_WARN_NON_LITERAL_NULL_CONVERSION = YES;
				CLANG_WARN_OBJC_IMPLICIT_RETAIN_SELF = YES;
				CLANG_WARN_OBJC_LITERAL_CONVERSION = YES;
				CLANG_WARN_OBJC_ROOT_CLASS = YES_ERROR;
				CLANG_WARN_QUOTED_INCLUDE_IN_FRAMEWORK_HEADER = YES;
				CLANG_WARN_RANGE_LOOP_ANALYSIS = YES;
				CLANG_WARN_STRICT_PROTOTYPES = YES;
				CLANG_WARN_SUSPICIOUS_MOVE = YES;
				CLANG_WARN_UNGUARDED_AVAILABILITY = YES_AGGRESSIVE;
				CLANG_WARN_UNREACHABLE_CODE = YES;
				CLANG_WARN__DUPLICATE_METHOD_MATCH = YES;
				COPY_PHASE_STRIP = NO;
				DEBUG_INFORMATION_FORMAT = dwarf;
				ENABLE_STRICT_OBJC_MSGSEND = YES;
				ENABLE_TESTABILITY = YES;
				ENABLE_USER_SCRIPT_SANDBOXING = YES;
				GCC_C_LANGUAGE_STANDARD = gnu17;
				GCC_DYNAMIC_NO_PIC = NO;
				GCC_NO_COMMON_BLOCKS = YES;
				GCC_OPTIMIZATION_LEVEL = 0;
				GCC_PREPROCESSOR_DEFINITIONS = (
					"DEBUG=1",
					"$(inherited)",
				);
				GCC_WARN_64_TO_32_BIT_CONVERSION = YES;
				GCC_WARN_ABOUT_RETURN_TYPE = YES_ERROR;
				GCC_WARN_UNDECLARED_SELECTOR = YES;
				GCC_WARN_UNINITIALIZED_AUTOS = YES_AGGRESSIVE;
				GCC_WARN_UNUSED_FUNCTION = YES;
				GCC_WARN_UNUSED_VARIABLE = YES;
				LOCALIZATION_PREFERS_STRING_CATALOGS = YES;
				MTL_ENABLE_DEBUG_INFO = INCLUDE_SOURCE;
				MTL_FAST_MATH = YES;
				ONLY_ACTIVE_ARCH = YES;
				SWIFT_ACTIVE_COMPILATION_CONDITIONS = "DEBUG $(inherited)";
				SWIFT_OPTIMIZATION_LEVEL = "-Onone";
			};
			name = Debug;
		};
		B4A864ED2C88F3570043BBF7 /* Release */ = {
			isa = XCBuildConfiguration;
			buildSettings = {
				ALWAYS_SEARCH_USER_PATHS = NO;
				ASSETCATALOG_COMPILER_GENERATE_SWIFT_ASSET_SYMBOL_EXTENSIONS = YES;
				CLANG_ANALYZER_NONNULL = YES;
				CLANG_ANALYZER_NUMBER_OBJECT_CONVERSION = YES_AGGRESSIVE;
				CLANG_CXX_LANGUAGE_STANDARD = "gnu++20";
				CLANG_ENABLE_MODULES = YES;
				CLANG_ENABLE_OBJC_ARC = YES;
				CLANG_ENABLE_OBJC_WEAK = YES;
				CLANG_WARN_BLOCK_CAPTURE_AUTORELEASING = YES;
				CLANG_WARN_BOOL_CONVERSION = YES;
				CLANG_WARN_COMMA = YES;
				CLANG_WARN_CONSTANT_CONVERSION = YES;
				CLANG_WARN_DEPRECATED_OBJC_IMPLEMENTATIONS = YES;
				CLANG_WARN_DIRECT_OBJC_ISA_USAGE = YES_ERROR;
				CLANG_WARN_DOCUMENTATION_COMMENTS = YES;
				CLANG_WARN_EMPTY_BODY = YES;
				CLANG_WARN_ENUM_CONVERSION = YES;
				CLANG_WARN_INFINITE_RECURSION = YES;
				CLANG_WARN_INT_CONVERSION = YES;
				CLANG_WARN_NON_LITERAL_NULL_CONVERSION = YES;
				CLANG_WARN_OBJC_IMPLICIT_RETAIN_SELF = YES;
				CLANG_WARN_OBJC_LITERAL_CONVERSION = YES;
				CLANG_WARN_OBJC_ROOT_CLASS = YES_ERROR;
				CLANG_WARN_QUOTED_INCLUDE_IN_FRAMEWORK_HEADER = YES;
				CLANG_WARN_RANGE_LOOP_ANALYSIS = YES;
				CLANG_WARN_STRICT_PROTOTYPES = YES;
				CLANG_WARN_SUSPICIOUS_MOVE = YES;
				CLANG_WARN_UNGUARDED_AVAILABILITY = YES_AGGRESSIVE;
				CLANG_WARN_UNREACHABLE_CODE = YES;
				CLANG_WARN__DUPLICATE_METHOD_MATCH = YES;
				COPY_PHASE_STRIP = NO;
				DEBUG_INFORMATION_FORMAT = "dwarf-with-dsym";
				ENABLE_NS_ASSERTIONS = NO;
				ENABLE_STRICT_OBJC_MSGSEND = YES;
				ENABLE_USER_SCRIPT_SANDBOXING = YES;
				GCC_C_LANGUAGE_STANDARD = gnu17;
				GCC_NO_COMMON_BLOCKS = YES;
				GCC_WARN_64_TO_32_BIT_CONVERSION = YES;
				GCC_WARN_ABOUT_RETURN_TYPE = YES_ERROR;
				GCC_WARN_UNDECLARED_SELECTOR = YES;
				GCC_WARN_UNINITIALIZED_AUTOS = YES_AGGRESSIVE;
				GCC_WARN_UNUSED_FUNCTION = YES;
				GCC_WARN_UNUSED_VARIABLE = YES;
				LOCALIZATION_PREFERS_STRING_CATALOGS = YES;
				MTL_ENABLE_DEBUG_INFO = NO;
				MTL_FAST_MATH = YES;
				SWIFT_COMPILATION_MODE = wholemodule;
			};
			name = Release;
		};
		B4A864EF2C88F3570043BBF7 /* Debug */ = {
			isa = XCBuildConfiguration;
			buildSettings = {
				ASSETCATALOG_COMPILER_APPICON_NAME = AppIcon;
				ASSETCATALOG_COMPILER_GLOBAL_ACCENT_COLOR_NAME = AccentColor;
				CODE_SIGN_ENTITLEMENTS = ders1/ders1.entitlements;
				CODE_SIGN_STYLE = Automatic;
				CURRENT_PROJECT_VERSION = 1;
				DEVELOPMENT_ASSET_PATHS = "\"ders1/Preview Content\"";
				ENABLE_PREVIEWS = YES;
				GENERATE_INFOPLIST_FILE = YES;
				"INFOPLIST_KEY_UIApplicationSceneManifest_Generation[sdk=iphoneos*]" = YES;
				"INFOPLIST_KEY_UIApplicationSceneManifest_Generation[sdk=iphonesimulator*]" = YES;
				"INFOPLIST_KEY_UIApplicationSupportsIndirectInputEvents[sdk=iphoneos*]" = YES;
				"INFOPLIST_KEY_UIApplicationSupportsIndirectInputEvents[sdk=iphonesimulator*]" = YES;
				"INFOPLIST_KEY_UILaunchScreen_Generation[sdk=iphoneos*]" = YES;
				"INFOPLIST_KEY_UILaunchScreen_Generation[sdk=iphonesimulator*]" = YES;
				"INFOPLIST_KEY_UIStatusBarStyle[sdk=iphoneos*]" = UIStatusBarStyleDefault;
				"INFOPLIST_KEY_UIStatusBarStyle[sdk=iphonesimulator*]" = UIStatusBarStyleDefault;
				INFOPLIST_KEY_UISupportedInterfaceOrientations_iPad = "UIInterfaceOrientationPortrait UIInterfaceOrientationPortraitUpsideDown UIInterfaceOrientationLandscapeLeft UIInterfaceOrientationLandscapeRight";
				INFOPLIST_KEY_UISupportedInterfaceOrientations_iPhone = "UIInterfaceOrientationPortrait UIInterfaceOrientationLandscapeLeft UIInterfaceOrientationLandscapeRight";
				IPHONEOS_DEPLOYMENT_TARGET = 17.5;
				LD_RUNPATH_SEARCH_PATHS = "@executable_path/Frameworks";
				"LD_RUNPATH_SEARCH_PATHS[sdk=macosx*]" = "@executable_path/../Frameworks";
				MACOSX_DEPLOYMENT_TARGET = 14.5;
				MARKETING_VERSION = 1.0;
				PRODUCT_BUNDLE_IDENTIFIER = efsky.ders1;
				PRODUCT_NAME = "$(TARGET_NAME)";
				SDKROOT = auto;
				SUPPORTED_PLATFORMS = "iphoneos iphonesimulator macosx";
				SWIFT_EMIT_LOC_STRINGS = YES;
				SWIFT_VERSION = 5.0;
				TARGETED_DEVICE_FAMILY = "1,2";
			};
			name = Debug;
		};
		B4A864F02C88F3570043BBF7 /* Release */ = {
			isa = XCBuildConfiguration;
			buildSettings = {
				ASSETCATALOG_COMPILER_APPICON_NAME = AppIcon;
				ASSETCATALOG_COMPILER_GLOBAL_ACCENT_COLOR_NAME = AccentColor;
				CODE_SIGN_ENTITLEMENTS = ders1/ders1.entitlements;
				CODE_SIGN_STYLE = Automatic;
				CURRENT_PROJECT_VERSION = 1;
				DEVELOPMENT_ASSET_PATHS = "\"ders1/Preview Content\"";
				ENABLE_PREVIEWS = YES;
				GENERATE_INFOPLIST_FILE = YES;
				"INFOPLIST_KEY_UIApplicationSceneManifest_Generation[sdk=iphoneos*]" = YES;
				"INFOPLIST_KEY_UIApplicationSceneManifest_Generation[sdk=iphonesimulator*]" = YES;
				"INFOPLIST_KEY_UIApplicationSupportsIndirectInputEvents[sdk=iphoneos*]" = YES;
				"INFOPLIST_KEY_UIApplicationSupportsIndirectInputEvents[sdk=iphonesimulator*]" = YES;
				"INFOPLIST_KEY_UILaunchScreen_Generation[sdk=iphoneos*]" = YES;
				"INFOPLIST_KEY_UILaunchScreen_Generation[sdk=iphonesimulator*]" = YES;
				"INFOPLIST_KEY_UIStatusBarStyle[sdk=iphoneos*]" = UIStatusBarStyleDefault;
				"INFOPLIST_KEY_UIStatusBarStyle[sdk=iphonesimulator*]" = UIStatusBarStyleDefault;
				INFOPLIST_KEY_UISupportedInterfaceOrientations_iPad = "UIInterfaceOrientationPortrait UIInterfaceOrientationPortraitUpsideDown UIInterfaceOrientationLandscapeLeft UIInterfaceOrientationLandscapeRight";
				INFOPLIST_KEY_UISupportedInterfaceOrientations_iPhone = "UIInterfaceOrientationPortrait UIInterfaceOrientationLandscapeLeft UIInterfaceOrientationLandscapeRight";
				IPHONEOS_DEPLOYMENT_TARGET = 17.5;
				LD_RUNPATH_SEARCH_PATHS = "@executable_path/Frameworks";
				"LD_RUNPATH_SEARCH_PATHS[sdk=macosx*]" = "@executable_path/../Frameworks";
				MACOSX_DEPLOYMENT_TARGET = 14.5;
				MARKETING_VERSION = 1.0;
				PRODUCT_BUNDLE_IDENTIFIER = efsky.ders1;
				PRODUCT_NAME = "$(TARGET_NAME)";
				SDKROOT = auto;
				SUPPORTED_PLATFORMS = "iphoneos iphonesimulator macosx";
				SWIFT_EMIT_LOC_STRINGS = YES;
				SWIFT_VERSION = 5.0;
				TARGETED_DEVICE_FAMILY = "1,2";
			};
			name = Release;
		};
		B4A864F22C88F3570043BBF7 /* Debug */ = {
			isa = XCBuildConfiguration;
			buildSettings = {
				ALWAYS_EMBED_SWIFT_STANDARD_LIBRARIES = YES;
				BUNDLE_LOADER = "$(TEST_HOST)";
				CODE_SIGN_STYLE = Automatic;
				CURRENT_PROJECT_VERSION = 1;
				GENERATE_INFOPLIST_FILE = YES;
				IPHONEOS_DEPLOYMENT_TARGET = 17.5;
				MACOSX_DEPLOYMENT_TARGET = 14.5;
				MARKETING_VERSION = 1.0;
				PRODUCT_BUNDLE_IDENTIFIER = efsky.ders1Tests;
				PRODUCT_NAME = "$(TARGET_NAME)";
				SDKROOT = auto;
				SUPPORTED_PLATFORMS = "iphoneos iphonesimulator macosx";
				SWIFT_EMIT_LOC_STRINGS = NO;
				SWIFT_VERSION = 5.0;
				TARGETED_DEVICE_FAMILY = "1,2";
				TEST_HOST = "$(BUILT_PRODUCTS_DIR)/ders1.app/$(BUNDLE_EXECUTABLE_FOLDER_PATH)/ders1";
			};
			name = Debug;
		};
		B4A864F32C88F3570043BBF7 /* Release */ = {
			isa = XCBuildConfiguration;
			buildSettings = {
				ALWAYS_EMBED_SWIFT_STANDARD_LIBRARIES = YES;
				BUNDLE_LOADER = "$(TEST_HOST)";
				CODE_SIGN_STYLE = Automatic;
				CURRENT_PROJECT_VERSION = 1;
				GENERATE_INFOPLIST_FILE = YES;
				IPHONEOS_DEPLOYMENT_TARGET = 17.5;
				MACOSX_DEPLOYMENT_TARGET = 14.5;
				MARKETING_VERSION = 1.0;
				PRODUCT_BUNDLE_IDENTIFIER = efsky.ders1Tests;
				PRODUCT_NAME = "$(TARGET_NAME)";
				SDKROOT = auto;
				SUPPORTED_PLATFORMS = "iphoneos iphonesimulator macosx";
				SWIFT_EMIT_LOC_STRINGS = NO;
				SWIFT_VERSION = 5.0;
				TARGETED_DEVICE_FAMILY = "1,2";
				TEST_HOST = "$(BUILT_PRODUCTS_DIR)/ders1.app/$(BUNDLE_EXECUTABLE_FOLDER_PATH)/ders1";
			};
			name = Release;
		};
		B4A864F52C88F3570043BBF7 /* Debug */ = {
			isa = XCBuildConfiguration;
			buildSettings = {
				ALWAYS_EMBED_SWIFT_STANDARD_LIBRARIES = YES;
				CODE_SIGN_STYLE = Automatic;
				CURRENT_PROJECT_VERSION = 1;
				GENERATE_INFOPLIST_FILE = YES;
				IPHONEOS_DEPLOYMENT_TARGET = 17.5;
				MACOSX_DEPLOYMENT_TARGET = 14.5;
				MARKETING_VERSION = 1.0;
				PRODUCT_BUNDLE_IDENTIFIER = efsky.ders1UITests;
				PRODUCT_NAME = "$(TARGET_NAME)";
				SDKROOT = auto;
				SUPPORTED_PLATFORMS = "iphoneos iphonesimulator macosx";
				SWIFT_EMIT_LOC_STRINGS = NO;
				SWIFT_VERSION = 5.0;
				TARGETED_DEVICE_FAMILY = "1,2";
				TEST_TARGET_NAME = ders1;
			};
			name = Debug;
		};
		B4A864F62C88F3570043BBF7 /* Release */ = {
			isa = XCBuildConfiguration;
			buildSettings = {
				ALWAYS_EMBED_SWIFT_STANDARD_LIBRARIES = YES;
				CODE_SIGN_STYLE = Automatic;
				CURRENT_PROJECT_VERSION = 1;
				GENERATE_INFOPLIST_FILE = YES;
				IPHONEOS_DEPLOYMENT_TARGET = 17.5;
				MACOSX_DEPLOYMENT_TARGET = 14.5;
				MARKETING_VERSION = 1.0;
				PRODUCT_BUNDLE_IDENTIFIER = efsky.ders1UITests;
				PRODUCT_NAME = "$(TARGET_NAME)";
				SDKROOT = auto;
				SUPPORTED_PLATFORMS = "iphoneos iphonesimulator macosx";
				SWIFT_EMIT_LOC_STRINGS = NO;
				SWIFT_VERSION = 5.0;
				TARGETED_DEVICE_FAMILY = "1,2";
				TEST_TARGET_NAME = ders1;
			};
			name = Release;
		};
/* End XCBuildConfiguration section */

/* Begin XCConfigurationList section */
		B4A864C42C88F3560043BBF7 /* Build configuration list for PBXProject "ders1" */ = {
			isa = XCConfigurationList;
			buildConfigurations = (
				B4A864EC2C88F3570043BBF7 /* Debug */,
				B4A864ED2C88F3570043BBF7 /* Release */,
			);
			defaultConfigurationIsVisible = 0;
			defaultConfigurationName = Release;
		};
		B4A864EE2C88F3570043BBF7 /* Build configuration list for PBXNativeTarget "ders1" */ = {
			isa = XCConfigurationList;
			buildConfigurations = (
				B4A864EF2C88F3570043BBF7 /* Debug */,
				B4A864F02C88F3570043BBF7 /* Release */,
			);
			defaultConfigurationIsVisible = 0;
			defaultConfigurationName = Release;
		};
		B4A864F12C88F3570043BBF7 /* Build configuration list for PBXNativeTarget "ders1Tests" */ = {
			isa = XCConfigurationList;
			buildConfigurations = (
				B4A864F22C88F3570043BBF7 /* Debug */,
				B4A864F32C88F3570043BBF7 /* Release */,
			);
			defaultConfigurationIsVisible = 0;
			defaultConfigurationName = Release;
		};
		B4A864F42C88F3570043BBF7 /* Build configuration list for PBXNativeTarget "ders1UITests" */ = {
			isa = XCConfigurationList;
			buildConfigurations = (
				B4A864F52C88F3570043BBF7 /* Debug */,
				B4A864F62C88F3570043BBF7 /* Release */,
			);
			defaultConfigurationIsVisible = 0;
			defaultConfigurationName = Release;
		};
/* End XCConfigurationList section */
	};
	rootObject = B4A864C12C88F3560043BBF7 /* Project object */;
}
